<?xml version="1.0" encoding="utf-8"?>
<Project ToolsVersion="4.0" xmlns="http://schemas.microsoft.com/developer/msbuild/2003">
  <ItemGroup>
    <Filter Include="Source Files">
      <UniqueIdentifier>{4FC737F1-C7A5-4376-A066-2A32D752A2FF}</UniqueIdentifier>
      <Extensions>cpp;c;cc;cxx;c++;cppm;ixx;def;odl;idl;hpj;bat;asm;asmx</Extensions>
    </Filter>
    <Filter Include="Header Files">
      <UniqueIdentifier>{93995380-89BD-4b04-88EB-625FBE52EBFB}</UniqueIdentifier>
      <Extensions>h;hh;hpp;hxx;h++;hm;inl;inc;ipp;xsd</Extensions>
    </Filter>
    <Filter Include="Resource Files">
      <UniqueIdentifier>{67DA6AB6-F800-4c08-8B7A-83BB121AAD01}</UniqueIdentifier>
      <Extensions>rc;ico;cur;bmp;dlg;rc2;rct;bin;rgs;gif;jpg;jpeg;jpe;resx;tiff;tif;png;wav;mfcribbon-ms</Extensions>
    </Filter>
    <Filter Include="Framework">
      <UniqueIdentifier>{950d111d-03e0-47e8-a110-e10b73c0ca6f}</UniqueIdentifier>
    </Filter>
    <Filter Include="Framework\Core">
      <UniqueIdentifier>{4407a4cc-3c81-4e2c-821c-5a127b5874b5}</UniqueIdentifier>
    </Filter>
    <Filter Include="Framework\Graphic">
      <UniqueIdentifier>{914cf1cc-4e91-4ca4-b77c-48228cbbb9e2}</UniqueIdentifier>
    </Filter>
    <Filter Include="Framework\Ultility">
      <UniqueIdentifier>{20ffd51b-2bbe-4b26-95c2-ada1df248c84}</UniqueIdentifier>
    </Filter>
    <Filter Include="Test Game">
      <UniqueIdentifier>{ef7f4372-0276-4004-8e0d-8706d4aabe65}</UniqueIdentifier>
    </Filter>
  </ItemGroup>
  <ItemGroup>
    <ClInclude Include="framework.h">
      <Filter>Header Files</Filter>
    </ClInclude>
    <ClInclude Include="targetver.h">
      <Filter>Header Files</Filter>
    </ClInclude>
    <ClInclude Include="Resource.h">
      <Filter>Header Files</Filter>
    </ClInclude>
    <ClInclude Include="MyGame.h">
      <Filter>Header Files</Filter>
    </ClInclude>
    <ClInclude Include="Framework\Core\Window.h">
      <Filter>Framework\Core</Filter>
    </ClInclude>
    <ClInclude Include="Framework\Core\Timer.h">
      <Filter>Framework\Core</Filter>
    </ClInclude>
    <ClInclude Include="Framework\Core\KeyInput.h">
      <Filter>Framework\Core</Filter>
    </ClInclude>
    <ClInclude Include="Framework\Core\GameObject.h">
      <Filter>Framework\Core</Filter>
    </ClInclude>
    <ClInclude Include="Framework\Core\Game.h">
      <Filter>Framework\Core</Filter>
    </ClInclude>
    <ClInclude Include="Framework\Graphic\Animation.h">
      <Filter>Framework\Graphic</Filter>
    </ClInclude>
    <ClInclude Include="Framework\Graphic\DrawDevice.h">
      <Filter>Framework\Graphic</Filter>
    </ClInclude>
    <ClInclude Include="Framework\Graphic\Sprite.h">
      <Filter>Framework\Graphic</Filter>
    </ClInclude>
    <ClInclude Include="Framework\Graphic\Texture.h">
      <Filter>Framework\Graphic</Filter>
    </ClInclude>
    <ClInclude Include="Framework\Utility\Vector2D.h">
      <Filter>Framework\Ultility</Filter>
    </ClInclude>
    <ClInclude Include="Framework\Utility\StringConverter.h">
      <Filter>Framework\Ultility</Filter>
    </ClInclude>
    <ClInclude Include="Framework\Utility\json.hpp">
      <Filter>Framework\Ultility</Filter>
    </ClInclude>
    <ClInclude Include="Framework\Utility\Debug.h">
      <Filter>Framework\Ultility</Filter>
    </ClInclude>
    <ClInclude Include="Framework\Utility\Expected.h">
      <Filter>Framework\Ultility</Filter>
    </ClInclude>
    <ClInclude Include="TestGame\TestGame.h">
      <Filter>Test Game</Filter>
    </ClInclude>
    <ClInclude Include="Framework\Core\Manager.h">
      <Filter>Framework\Core</Filter>
    </ClInclude>
  </ItemGroup>
  <ItemGroup>
    <ClCompile Include="MyGame.cpp">
      <Filter>Source Files</Filter>
    </ClCompile>
    <ClCompile Include="Framework\Graphic\Animation.cpp">
      <Filter>Framework\Graphic</Filter>
    </ClCompile>
    <ClCompile Include="Framework\Utility\Debug.cpp">
      <Filter>Framework\Ultility</Filter>
    </ClCompile>
    <ClCompile Include="Framework\Graphic\DrawDevice.cpp">
      <Filter>Framework\Graphic</Filter>
    </ClCompile>
    <ClCompile Include="Framework\Core\Game.cpp">
      <Filter>Framework\Core</Filter>
    </ClCompile>
    <ClCompile Include="Framework\Core\GameObject.cpp">
      <Filter>Framework\Core</Filter>
    </ClCompile>
    <ClCompile Include="Framework\Core\KeyInput.cpp">
      <Filter>Framework\Core</Filter>
    </ClCompile>
    <ClCompile Include="Framework\Graphic\Sprite.cpp">
      <Filter>Framework\Graphic</Filter>
    </ClCompile>
    <ClCompile Include="Framework\Utility\StringConverter.cpp">
      <Filter>Framework\Ultility</Filter>
    </ClCompile>
    <ClCompile Include="Framework\Graphic\Texture.cpp">
      <Filter>Framework\Graphic</Filter>
    </ClCompile>
    <ClCompile Include="Framework\Core\Timer.cpp">
      <Filter>Framework\Core</Filter>
    </ClCompile>
    <ClCompile Include="Framework\Utility\Vector2D.cpp">
      <Filter>Framework\Ultility</Filter>
    </ClCompile>
    <ClCompile Include="Framework\Core\Window.cpp">
      <Filter>Framework\Core</Filter>
    </ClCompile>
    <ClCompile Include="TestGame\TestGame.cpp">
      <Filter>Test Game</Filter>
    </ClCompile>
    <ClCompile Include="Framework\Core\Manager.cpp">
      <Filter>Framework\Core</Filter>
    </ClCompile>
  </ItemGroup>
  <ItemGroup>
    <ResourceCompile Include="MyGame.rc">
      <Filter>Resource Files</Filter>
    </ResourceCompile>
  </ItemGroup>
  <ItemGroup>
    <Image Include="small.ico">
      <Filter>Resource Files</Filter>
    </Image>
    <Image Include="MyGame.ico">
      <Filter>Resource Files</Filter>
    </Image>
  </ItemGroup>
</Project>